
Microsoft Visual Studio Solution File, Format Version 12.00
# Visual Studio 14
VisualStudioVersion = 14.0.25420.1
MinimumVisualStudioVersion = 10.0.40219.1
Project("{2150E333-8FDC-42A3-9474-1A3956D46DE8}") = "Engine", "Engine", "{E52B68DE-7850-4B37-B1D2-0CBD95F4FFF4}"
EndProject
Project("{2150E333-8FDC-42A3-9474-1A3956D46DE8}") = "Games", "Games", "{8F9DCB25-66E6-407C-8A6F-4765C482D16F}"
EndProject
Project("{8BC9CEB8-8B4A-11D0-8D11-00A0C91BC942}") = "UE4", "Intermediate\ProjectFiles\UE4.vcxproj", "{D778019B-BB7C-4A48-85E5-1E8BA4E801DB}"
EndProject
Project("{8BC9CEB8-8B4A-11D0-8D11-00A0C91BC942}") = "TableTopGame", "Intermediate\ProjectFiles\TableTopGame.vcxproj", "{4D95BDCC-E569-4958-A536-5E381B59EC41}"
EndProject
Global
	GlobalSection(SolutionConfigurationPlatforms) = preSolution
		DebugGame Editor|HTML5 = DebugGame Editor|HTML5
		DebugGame Editor|Win32 = DebugGame Editor|Win32
		DebugGame Editor|Win64 = DebugGame Editor|Win64
		DebugGame|HTML5 = DebugGame|HTML5
		DebugGame|Win32 = DebugGame|Win32
		DebugGame|Win64 = DebugGame|Win64
		Development Editor|HTML5 = Development Editor|HTML5
		Development Editor|Win32 = Development Editor|Win32
		Development Editor|Win64 = Development Editor|Win64
		Development|HTML5 = Development|HTML5
		Development|Win32 = Development|Win32
		Development|Win64 = Development|Win64
		Shipping|HTML5 = Shipping|HTML5
		Shipping|Win32 = Shipping|Win32
		Shipping|Win64 = Shipping|Win64
	EndGlobalSection
	GlobalSection(ProjectConfigurationPlatforms) = postSolution
		{D778019B-BB7C-4A48-85E5-1E8BA4E801DB}.DebugGame Editor|HTML5.ActiveCfg = BuiltWithUnrealBuildTool|Win32
		{D778019B-BB7C-4A48-85E5-1E8BA4E801DB}.DebugGame Editor|HTML5.Build.0 = BuiltWithUnrealBuildTool|Win32
		{D778019B-BB7C-4A48-85E5-1E8BA4E801DB}.DebugGame Editor|Win32.ActiveCfg = BuiltWithUnrealBuildTool|Win32
		{D778019B-BB7C-4A48-85E5-1E8BA4E801DB}.DebugGame Editor|Win32.Build.0 = BuiltWithUnrealBuildTool|Win32
		{D778019B-BB7C-4A48-85E5-1E8BA4E801DB}.DebugGame Editor|Win64.ActiveCfg = BuiltWithUnrealBuildTool|Win32
		{D778019B-BB7C-4A48-85E5-1E8BA4E801DB}.DebugGame Editor|Win64.Build.0 = BuiltWithUnrealBuildTool|Win32
		{D778019B-BB7C-4A48-85E5-1E8BA4E801DB}.DebugGame|HTML5.ActiveCfg = BuiltWithUnrealBuildTool|Win32
		{D778019B-BB7C-4A48-85E5-1E8BA4E801DB}.DebugGame|HTML5.Build.0 = BuiltWithUnrealBuildTool|Win32
		{D778019B-BB7C-4A48-85E5-1E8BA4E801DB}.DebugGame|Win32.ActiveCfg = BuiltWithUnrealBuildTool|Win32
		{D778019B-BB7C-4A48-85E5-1E8BA4E801DB}.DebugGame|Win32.Build.0 = BuiltWithUnrealBuildTool|Win32
		{D778019B-BB7C-4A48-85E5-1E8BA4E801DB}.DebugGame|Win64.ActiveCfg = BuiltWithUnrealBuildTool|Win32
		{D778019B-BB7C-4A48-85E5-1E8BA4E801DB}.DebugGame|Win64.Build.0 = BuiltWithUnrealBuildTool|Win32
		{D778019B-BB7C-4A48-85E5-1E8BA4E801DB}.Development Editor|HTML5.ActiveCfg = BuiltWithUnrealBuildTool|Win32
		{D778019B-BB7C-4A48-85E5-1E8BA4E801DB}.Development Editor|HTML5.Build.0 = BuiltWithUnrealBuildTool|Win32
		{D778019B-BB7C-4A48-85E5-1E8BA4E801DB}.Development Editor|Win32.ActiveCfg = BuiltWithUnrealBuildTool|Win32
		{D778019B-BB7C-4A48-85E5-1E8BA4E801DB}.Development Editor|Win32.Build.0 = BuiltWithUnrealBuildTool|Win32
		{D778019B-BB7C-4A48-85E5-1E8BA4E801DB}.Development Editor|Win64.ActiveCfg = BuiltWithUnrealBuildTool|Win32
		{D778019B-BB7C-4A48-85E5-1E8BA4E801DB}.Development Editor|Win64.Build.0 = BuiltWithUnrealBuildTool|Win32
		{D778019B-BB7C-4A48-85E5-1E8BA4E801DB}.Development|HTML5.ActiveCfg = BuiltWithUnrealBuildTool|Win32
		{D778019B-BB7C-4A48-85E5-1E8BA4E801DB}.Development|HTML5.Build.0 = BuiltWithUnrealBuildTool|Win32
		{D778019B-BB7C-4A48-85E5-1E8BA4E801DB}.Development|Win32.ActiveCfg = BuiltWithUnrealBuildTool|Win32
		{D778019B-BB7C-4A48-85E5-1E8BA4E801DB}.Development|Win32.Build.0 = BuiltWithUnrealBuildTool|Win32
		{D778019B-BB7C-4A48-85E5-1E8BA4E801DB}.Development|Win64.ActiveCfg = BuiltWithUnrealBuildTool|Win32
		{D778019B-BB7C-4A48-85E5-1E8BA4E801DB}.Development|Win64.Build.0 = BuiltWithUnrealBuildTool|Win32
		{D778019B-BB7C-4A48-85E5-1E8BA4E801DB}.Shipping|HTML5.ActiveCfg = BuiltWithUnrealBuildTool|Win32
		{D778019B-BB7C-4A48-85E5-1E8BA4E801DB}.Shipping|HTML5.Build.0 = BuiltWithUnrealBuildTool|Win32
		{D778019B-BB7C-4A48-85E5-1E8BA4E801DB}.Shipping|Win32.ActiveCfg = BuiltWithUnrealBuildTool|Win32
		{D778019B-BB7C-4A48-85E5-1E8BA4E801DB}.Shipping|Win32.Build.0 = BuiltWithUnrealBuildTool|Win32
		{D778019B-BB7C-4A48-85E5-1E8BA4E801DB}.Shipping|Win64.ActiveCfg = BuiltWithUnrealBuildTool|Win32
		{D778019B-BB7C-4A48-85E5-1E8BA4E801DB}.Shipping|Win64.Build.0 = BuiltWithUnrealBuildTool|Win32
		{4D95BDCC-E569-4958-A536-5E381B59EC41}.DebugGame Editor|HTML5.ActiveCfg = HTML5_DebugGame_Editor|Win32
		{4D95BDCC-E569-4958-A536-5E381B59EC41}.DebugGame Editor|Win32.ActiveCfg = DebugGame_Editor|Win32
		{4D95BDCC-E569-4958-A536-5E381B59EC41}.DebugGame Editor|Win64.ActiveCfg = DebugGame_Editor|x64
		{4D95BDCC-E569-4958-A536-5E381B59EC41}.DebugGame Editor|Win64.Build.0 = DebugGame_Editor|x64
		{4D95BDCC-E569-4958-A536-5E381B59EC41}.DebugGame|HTML5.ActiveCfg = HTML5_DebugGame_Game|Win32
		{4D95BDCC-E569-4958-A536-5E381B59EC41}.DebugGame|HTML5.Build.0 = HTML5_DebugGame_Game|Win32
		{4D95BDCC-E569-4958-A536-5E381B59EC41}.DebugGame|Win32.ActiveCfg = DebugGame_Game|Win32
		{4D95BDCC-E569-4958-A536-5E381B59EC41}.DebugGame|Win32.Build.0 = DebugGame_Game|Win32
		{4D95BDCC-E569-4958-A536-5E381B59EC41}.DebugGame|Win64.ActiveCfg = DebugGame_Game|x64
		{4D95BDCC-E569-4958-A536-5E381B59EC41}.DebugGame|Win64.Build.0 = DebugGame_Game|x64
		{4D95BDCC-E569-4958-A536-5E381B59EC41}.Development Editor|HTML5.ActiveCfg = HTML5_Development_Editor|Win32
		{4D95BDCC-E569-4958-A536-5E381B59EC41}.Development Editor|Win32.ActiveCfg = Development_Editor|Win32
		{4D95BDCC-E569-4958-A536-5E381B59EC41}.Development Editor|Win64.ActiveCfg = Development_Editor|x64
		{4D95BDCC-E569-4958-A536-5E381B59EC41}.Development Editor|Win64.Build.0 = Development_Editor|x64
		{4D95BDCC-E569-4958-A536-5E381B59EC41}.Development|HTML5.ActiveCfg = HTML5_Development_Game|Win32
		{4D95BDCC-E569-4958-A536-5E381B59EC41}.Development|HTML5.Build.0 = HTML5_Development_Game|Win32
		{4D95BDCC-E569-4958-A536-5E381B59EC41}.Development|Win32.ActiveCfg = Development_Game|Win32
		{4D95BDCC-E569-4958-A536-5E381B59EC41}.Development|Win32.Build.0 = Development_Game|Win32
		{4D95BDCC-E569-4958-A536-5E381B59EC41}.Development|Win64.ActiveCfg = Development_Game|x64
		{4D95BDCC-E569-4958-A536-5E381B59EC41}.Development|Win64.Build.0 = Development_Game|x64
		{4D95BDCC-E569-4958-A536-5E381B59EC41}.Shipping|HTML5.ActiveCfg = HTML5_Shipping_Game|Win32
		{4D95BDCC-E569-4958-A536-5E381B59EC41}.Shipping|HTML5.Build.0 = HTML5_Shipping_Game|Win32
		{4D95BDCC-E569-4958-A536-5E381B59EC41}.Shipping|Win32.ActiveCfg = Shipping_Game|Win32
		{4D95BDCC-E569-4958-A536-5E381B59EC41}.Shipping|Win32.Build.0 = Shipping_Game|Win32
		{4D95BDCC-E569-4958-A536-5E381B59EC41}.Shipping|Win64.ActiveCfg = Shipping_Game|x64
		{4D95BDCC-E569-4958-A536-5E381B59EC41}.Shipping|Win64.Build.0 = Shipping_Game|x64
	EndGlobalSection
	GlobalSection(SolutionProperties) = preSolution
		HideSolutionNode = FALSE
	EndGlobalSection
	GlobalSection(NestedProjects) = preSolution
		{D778019B-BB7C-4A48-85E5-1E8BA4E801DB} = {E52B68DE-7850-4B37-B1D2-0CBD95F4FFF4}
		{4D95BDCC-E569-4958-A536-5E381B59EC41} = {8F9DCB25-66E6-407C-8A6F-4765C482D16F}
	EndGlobalSection
EndGlobal
