
Microsoft Visual Studio Solution File, Format Version 12.00
# Visual Studio 14
VisualStudioVersion = 14.0.25420.1
MinimumVisualStudioVersion = 10.0.40219.1
Project("{2150E333-8FDC-42A3-9474-1A3956D46DE8}") = "Engine", "Engine", "{6B5152E0-2A2B-42A2-927E-9596136D0525}"
EndProject
Project("{2150E333-8FDC-42A3-9474-1A3956D46DE8}") = "Games", "Games", "{BBB85EA8-5DF6-4DAE-BC51-8129ED4C2CB9}"
EndProject
Project("{8BC9CEB8-8B4A-11D0-8D11-00A0C91BC942}") = "UE4", "Intermediate\ProjectFiles\UE4.vcxproj", "{A6104749-0329-4A06-A22C-4B1141B704C5}"
EndProject
Project("{8BC9CEB8-8B4A-11D0-8D11-00A0C91BC942}") = "TableTopGame", "Intermediate\ProjectFiles\TableTopGame.vcxproj", "{9E5C526E-44FD-426B-922B-81E350E4ECD2}"
EndProject
Global
	GlobalSection(SolutionConfigurationPlatforms) = preSolution
		DebugGame Editor|HTML5 = DebugGame Editor|HTML5
		DebugGame Editor|Win32 = DebugGame Editor|Win32
		DebugGame Editor|Win64 = DebugGame Editor|Win64
		DebugGame|HTML5 = DebugGame|HTML5
		DebugGame|Win32 = DebugGame|Win32
		DebugGame|Win64 = DebugGame|Win64
		Development Editor|HTML5 = Development Editor|HTML5
		Development Editor|Win32 = Development Editor|Win32
		Development Editor|Win64 = Development Editor|Win64
		Development|HTML5 = Development|HTML5
		Development|Win32 = Development|Win32
		Development|Win64 = Development|Win64
		Shipping|HTML5 = Shipping|HTML5
		Shipping|Win32 = Shipping|Win32
		Shipping|Win64 = Shipping|Win64
	EndGlobalSection
	GlobalSection(ProjectConfigurationPlatforms) = postSolution
		{A6104749-0329-4A06-A22C-4B1141B704C5}.DebugGame Editor|HTML5.ActiveCfg = BuiltWithUnrealBuildTool|Win32
		{A6104749-0329-4A06-A22C-4B1141B704C5}.DebugGame Editor|HTML5.Build.0 = BuiltWithUnrealBuildTool|Win32
		{A6104749-0329-4A06-A22C-4B1141B704C5}.DebugGame Editor|Win32.ActiveCfg = BuiltWithUnrealBuildTool|Win32
		{A6104749-0329-4A06-A22C-4B1141B704C5}.DebugGame Editor|Win32.Build.0 = BuiltWithUnrealBuildTool|Win32
		{A6104749-0329-4A06-A22C-4B1141B704C5}.DebugGame Editor|Win64.ActiveCfg = BuiltWithUnrealBuildTool|Win32
		{A6104749-0329-4A06-A22C-4B1141B704C5}.DebugGame Editor|Win64.Build.0 = BuiltWithUnrealBuildTool|Win32
		{A6104749-0329-4A06-A22C-4B1141B704C5}.DebugGame|HTML5.ActiveCfg = BuiltWithUnrealBuildTool|Win32
		{A6104749-0329-4A06-A22C-4B1141B704C5}.DebugGame|HTML5.Build.0 = BuiltWithUnrealBuildTool|Win32
		{A6104749-0329-4A06-A22C-4B1141B704C5}.DebugGame|Win32.ActiveCfg = BuiltWithUnrealBuildTool|Win32
		{A6104749-0329-4A06-A22C-4B1141B704C5}.DebugGame|Win32.Build.0 = BuiltWithUnrealBuildTool|Win32
		{A6104749-0329-4A06-A22C-4B1141B704C5}.DebugGame|Win64.ActiveCfg = BuiltWithUnrealBuildTool|Win32
		{A6104749-0329-4A06-A22C-4B1141B704C5}.DebugGame|Win64.Build.0 = BuiltWithUnrealBuildTool|Win32
		{A6104749-0329-4A06-A22C-4B1141B704C5}.Development Editor|HTML5.ActiveCfg = BuiltWithUnrealBuildTool|Win32
		{A6104749-0329-4A06-A22C-4B1141B704C5}.Development Editor|HTML5.Build.0 = BuiltWithUnrealBuildTool|Win32
		{A6104749-0329-4A06-A22C-4B1141B704C5}.Development Editor|Win32.ActiveCfg = BuiltWithUnrealBuildTool|Win32
		{A6104749-0329-4A06-A22C-4B1141B704C5}.Development Editor|Win32.Build.0 = BuiltWithUnrealBuildTool|Win32
		{A6104749-0329-4A06-A22C-4B1141B704C5}.Development Editor|Win64.ActiveCfg = BuiltWithUnrealBuildTool|Win32
		{A6104749-0329-4A06-A22C-4B1141B704C5}.Development Editor|Win64.Build.0 = BuiltWithUnrealBuildTool|Win32
		{A6104749-0329-4A06-A22C-4B1141B704C5}.Development|HTML5.ActiveCfg = BuiltWithUnrealBuildTool|Win32
		{A6104749-0329-4A06-A22C-4B1141B704C5}.Development|HTML5.Build.0 = BuiltWithUnrealBuildTool|Win32
		{A6104749-0329-4A06-A22C-4B1141B704C5}.Development|Win32.ActiveCfg = BuiltWithUnrealBuildTool|Win32
		{A6104749-0329-4A06-A22C-4B1141B704C5}.Development|Win32.Build.0 = BuiltWithUnrealBuildTool|Win32
		{A6104749-0329-4A06-A22C-4B1141B704C5}.Development|Win64.ActiveCfg = BuiltWithUnrealBuildTool|Win32
		{A6104749-0329-4A06-A22C-4B1141B704C5}.Development|Win64.Build.0 = BuiltWithUnrealBuildTool|Win32
		{A6104749-0329-4A06-A22C-4B1141B704C5}.Shipping|HTML5.ActiveCfg = BuiltWithUnrealBuildTool|Win32
		{A6104749-0329-4A06-A22C-4B1141B704C5}.Shipping|HTML5.Build.0 = BuiltWithUnrealBuildTool|Win32
		{A6104749-0329-4A06-A22C-4B1141B704C5}.Shipping|Win32.ActiveCfg = BuiltWithUnrealBuildTool|Win32
		{A6104749-0329-4A06-A22C-4B1141B704C5}.Shipping|Win32.Build.0 = BuiltWithUnrealBuildTool|Win32
		{A6104749-0329-4A06-A22C-4B1141B704C5}.Shipping|Win64.ActiveCfg = BuiltWithUnrealBuildTool|Win32
		{A6104749-0329-4A06-A22C-4B1141B704C5}.Shipping|Win64.Build.0 = BuiltWithUnrealBuildTool|Win32
		{9E5C526E-44FD-426B-922B-81E350E4ECD2}.DebugGame Editor|HTML5.ActiveCfg = HTML5_DebugGame_Editor|Win32
		{9E5C526E-44FD-426B-922B-81E350E4ECD2}.DebugGame Editor|Win32.ActiveCfg = DebugGame_Editor|Win32
		{9E5C526E-44FD-426B-922B-81E350E4ECD2}.DebugGame Editor|Win64.ActiveCfg = DebugGame_Editor|x64
		{9E5C526E-44FD-426B-922B-81E350E4ECD2}.DebugGame Editor|Win64.Build.0 = DebugGame_Editor|x64
		{9E5C526E-44FD-426B-922B-81E350E4ECD2}.DebugGame|HTML5.ActiveCfg = HTML5_DebugGame_Game|Win32
		{9E5C526E-44FD-426B-922B-81E350E4ECD2}.DebugGame|HTML5.Build.0 = HTML5_DebugGame_Game|Win32
		{9E5C526E-44FD-426B-922B-81E350E4ECD2}.DebugGame|Win32.ActiveCfg = DebugGame_Game|Win32
		{9E5C526E-44FD-426B-922B-81E350E4ECD2}.DebugGame|Win32.Build.0 = DebugGame_Game|Win32
		{9E5C526E-44FD-426B-922B-81E350E4ECD2}.DebugGame|Win64.ActiveCfg = DebugGame_Game|x64
		{9E5C526E-44FD-426B-922B-81E350E4ECD2}.DebugGame|Win64.Build.0 = DebugGame_Game|x64
		{9E5C526E-44FD-426B-922B-81E350E4ECD2}.Development Editor|HTML5.ActiveCfg = HTML5_Development_Editor|Win32
		{9E5C526E-44FD-426B-922B-81E350E4ECD2}.Development Editor|Win32.ActiveCfg = Development_Editor|Win32
		{9E5C526E-44FD-426B-922B-81E350E4ECD2}.Development Editor|Win64.ActiveCfg = Development_Editor|x64
		{9E5C526E-44FD-426B-922B-81E350E4ECD2}.Development Editor|Win64.Build.0 = Development_Editor|x64
		{9E5C526E-44FD-426B-922B-81E350E4ECD2}.Development|HTML5.ActiveCfg = HTML5_Development_Game|Win32
		{9E5C526E-44FD-426B-922B-81E350E4ECD2}.Development|HTML5.Build.0 = HTML5_Development_Game|Win32
		{9E5C526E-44FD-426B-922B-81E350E4ECD2}.Development|Win32.ActiveCfg = Development_Game|Win32
		{9E5C526E-44FD-426B-922B-81E350E4ECD2}.Development|Win32.Build.0 = Development_Game|Win32
		{9E5C526E-44FD-426B-922B-81E350E4ECD2}.Development|Win64.ActiveCfg = Development_Game|x64
		{9E5C526E-44FD-426B-922B-81E350E4ECD2}.Development|Win64.Build.0 = Development_Game|x64
		{9E5C526E-44FD-426B-922B-81E350E4ECD2}.Shipping|HTML5.ActiveCfg = HTML5_Shipping_Game|Win32
		{9E5C526E-44FD-426B-922B-81E350E4ECD2}.Shipping|HTML5.Build.0 = HTML5_Shipping_Game|Win32
		{9E5C526E-44FD-426B-922B-81E350E4ECD2}.Shipping|Win32.ActiveCfg = Shipping_Game|Win32
		{9E5C526E-44FD-426B-922B-81E350E4ECD2}.Shipping|Win32.Build.0 = Shipping_Game|Win32
		{9E5C526E-44FD-426B-922B-81E350E4ECD2}.Shipping|Win64.ActiveCfg = Shipping_Game|x64
		{9E5C526E-44FD-426B-922B-81E350E4ECD2}.Shipping|Win64.Build.0 = Shipping_Game|x64
	EndGlobalSection
	GlobalSection(SolutionProperties) = preSolution
		HideSolutionNode = FALSE
	EndGlobalSection
	GlobalSection(NestedProjects) = preSolution
		{A6104749-0329-4A06-A22C-4B1141B704C5} = {6B5152E0-2A2B-42A2-927E-9596136D0525}
		{9E5C526E-44FD-426B-922B-81E350E4ECD2} = {BBB85EA8-5DF6-4DAE-BC51-8129ED4C2CB9}
	EndGlobalSection
EndGlobal
